
Microsoft Visual Studio Solution File, Format Version 12.00
# Visual Studio Version 17
VisualStudioVersion = 17.13.35825.156 d17.13
MinimumVisualStudioVersion = 10.0.40219.1
Project("{FAE04EC0-301F-11D3-BF4B-00C04F79EFBC}") = "THUCHANH02", "THUCHANH02.csproj", "{8005EF7F-BC0D-43E4-A468-5CED23F12F5E}"
EndProject
Global
	GlobalSection(SolutionConfigurationPlatforms) = preSolution
		Debug|Any CPU = Debug|Any CPU
		Release|Any CPU = Release|Any CPU
	EndGlobalSection
	GlobalSection(ProjectConfigurationPlatforms) = postSolution
		{8005EF7F-BC0D-43E4-A468-5CED23F12F5E}.Debug|Any CPU.ActiveCfg = Debug|Any CPU
		{8005EF7F-BC0D-43E4-A468-5CED23F12F5E}.Debug|Any CPU.Build.0 = Debug|Any CPU
		{8005EF7F-BC0D-43E4-A468-5CED23F12F5E}.Release|Any CPU.ActiveCfg = Release|Any CPU
		{8005EF7F-BC0D-43E4-A468-5CED23F12F5E}.Release|Any CPU.Build.0 = Release|Any CPU
	EndGlobalSection
	GlobalSection(SolutionProperties) = preSolution
		HideSolutionNode = FALSE
	EndGlobalSection
	GlobalSection(ExtensibilityGlobals) = postSolution
		SolutionGuid = {B53C8A35-C023-43DA-BC30-41C2DE1F59A9}
	EndGlobalSection
EndGlobal
